
Microsoft Visual Studio Solution File, Format Version 12.00
# Visual Studio Version 16
VisualStudioVersion = 16.0.32002.261
MinimumVisualStudioVersion = 10.0.40219.1
Project("{FAE04EC0-301F-11D3-BF4B-00C04F79EFBC}") = "myauth", "myauth\myauth.csproj", "{7BF1D075-F3CC-471D-9A3F-003D723DA917}"
EndProject
Global
	GlobalSection(SolutionConfigurationPlatforms) = preSolution
		Debug|Any CPU = Debug|Any CPU
		Release|Any CPU = Release|Any CPU
	EndGlobalSection
	GlobalSection(ProjectConfigurationPlatforms) = postSolution
		{7BF1D075-F3CC-471D-9A3F-003D723DA917}.Debug|Any CPU.ActiveCfg = Debug|Any CPU
		{7BF1D075-F3CC-471D-9A3F-003D723DA917}.Debug|Any CPU.Build.0 = Debug|Any CPU
		{7BF1D075-F3CC-471D-9A3F-003D723DA917}.Release|Any CPU.ActiveCfg = Release|Any CPU
		{7BF1D075-F3CC-471D-9A3F-003D723DA917}.Release|Any CPU.Build.0 = Release|Any CPU
	EndGlobalSection
	GlobalSection(SolutionProperties) = preSolution
		HideSolutionNode = FALSE
	EndGlobalSection
	GlobalSection(ExtensibilityGlobals) = postSolution
		SolutionGuid = {6718BF6E-4EC2-4D92-9533-A5AF6D74D2F3}
	EndGlobalSection
EndGlobal
